
Microsoft Visual Studio Solution File, Format Version 12.00
# Visual Studio 15
VisualStudioVersion = 15.0.26228.12
MinimumVisualStudioVersion = 10.0.40219.1
Project("{9A19103F-16F7-4668-BE54-9A1E7A4F7556}") = "WebApp", "WebApp\WebApp.csproj", "{2B611A3C-951A-4409-B4F3-269B07CAB4BD}"
EndProject
Project("{FAE04EC0-301F-11D3-BF4B-00C04F79EFBC}") = "Shared", "Shared\Shared.csproj", "{66B039AD-957B-4878-9553-5DEEAB90EDB3}"
EndProject
Project("{FAE04EC0-301F-11D3-BF4B-00C04F79EFBC}") = "Domain", "Domain\Domain.csproj", "{01537E11-7FE9-4F14-A890-1FC10BEF1A74}"
EndProject
Project("{FAE04EC0-301F-11D3-BF4B-00C04F79EFBC}") = "Shared.Web", "Shared.Web\Shared.Web.csproj", "{5C7A5ECB-6BB9-4A7F-8564-1C22099931F9}"
EndProject
Global
	GlobalSection(SolutionConfigurationPlatforms) = preSolution
		Debug|Any CPU = Debug|Any CPU
		Release|Any CPU = Release|Any CPU
	EndGlobalSection
	GlobalSection(ProjectConfigurationPlatforms) = postSolution
		{2B611A3C-951A-4409-B4F3-269B07CAB4BD}.Debug|Any CPU.ActiveCfg = Debug|Any CPU
		{2B611A3C-951A-4409-B4F3-269B07CAB4BD}.Debug|Any CPU.Build.0 = Debug|Any CPU
		{2B611A3C-951A-4409-B4F3-269B07CAB4BD}.Release|Any CPU.ActiveCfg = Release|Any CPU
		{2B611A3C-951A-4409-B4F3-269B07CAB4BD}.Release|Any CPU.Build.0 = Release|Any CPU
		{66B039AD-957B-4878-9553-5DEEAB90EDB3}.Debug|Any CPU.ActiveCfg = Debug|Any CPU
		{66B039AD-957B-4878-9553-5DEEAB90EDB3}.Debug|Any CPU.Build.0 = Debug|Any CPU
		{66B039AD-957B-4878-9553-5DEEAB90EDB3}.Release|Any CPU.ActiveCfg = Release|Any CPU
		{66B039AD-957B-4878-9553-5DEEAB90EDB3}.Release|Any CPU.Build.0 = Release|Any CPU
		{01537E11-7FE9-4F14-A890-1FC10BEF1A74}.Debug|Any CPU.ActiveCfg = Debug|Any CPU
		{01537E11-7FE9-4F14-A890-1FC10BEF1A74}.Debug|Any CPU.Build.0 = Debug|Any CPU
		{01537E11-7FE9-4F14-A890-1FC10BEF1A74}.Release|Any CPU.ActiveCfg = Release|Any CPU
		{01537E11-7FE9-4F14-A890-1FC10BEF1A74}.Release|Any CPU.Build.0 = Release|Any CPU
		{5C7A5ECB-6BB9-4A7F-8564-1C22099931F9}.Debug|Any CPU.ActiveCfg = Debug|Any CPU
		{5C7A5ECB-6BB9-4A7F-8564-1C22099931F9}.Debug|Any CPU.Build.0 = Debug|Any CPU
		{5C7A5ECB-6BB9-4A7F-8564-1C22099931F9}.Release|Any CPU.ActiveCfg = Release|Any CPU
		{5C7A5ECB-6BB9-4A7F-8564-1C22099931F9}.Release|Any CPU.Build.0 = Release|Any CPU
	EndGlobalSection
	GlobalSection(SolutionProperties) = preSolution
		HideSolutionNode = FALSE
	EndGlobalSection
	GlobalSection(ExtensibilityGlobals) = postSolution
		SolutionGuid = {DF173B01-1009-4595-9B26-5B41BBF06271}
	EndGlobalSection
EndGlobal
