
Microsoft Visual Studio Solution File, Format Version 12.00
# Visual Studio 15
VisualStudioVersion = 15.0.26228.12
MinimumVisualStudioVersion = 10.0.40219.1
Project("{9A19103F-16F7-4668-BE54-9A1E7A4F7556}") = "ConsoleApp", "ConsoleApp\ConsoleApp.csproj", "{EABE3F92-01EA-414A-9E8D-D3DAA3FA5044}"
EndProject
Project("{9A19103F-16F7-4668-BE54-9A1E7A4F7556}") = "Core", "Core\Core.csproj", "{C900930C-F67C-41D9-AAE9-C2A7A653D054}"
EndProject
Global
	GlobalSection(SolutionConfigurationPlatforms) = preSolution
		Debug|Any CPU = Debug|Any CPU
		Release|Any CPU = Release|Any CPU
	EndGlobalSection
	GlobalSection(ProjectConfigurationPlatforms) = postSolution
		{EABE3F92-01EA-414A-9E8D-D3DAA3FA5044}.Debug|Any CPU.ActiveCfg = Debug|Any CPU
		{EABE3F92-01EA-414A-9E8D-D3DAA3FA5044}.Debug|Any CPU.Build.0 = Debug|Any CPU
		{EABE3F92-01EA-414A-9E8D-D3DAA3FA5044}.Release|Any CPU.ActiveCfg = Release|Any CPU
		{EABE3F92-01EA-414A-9E8D-D3DAA3FA5044}.Release|Any CPU.Build.0 = Release|Any CPU
		{C900930C-F67C-41D9-AAE9-C2A7A653D054}.Debug|Any CPU.ActiveCfg = Debug|Any CPU
		{C900930C-F67C-41D9-AAE9-C2A7A653D054}.Debug|Any CPU.Build.0 = Debug|Any CPU
		{C900930C-F67C-41D9-AAE9-C2A7A653D054}.Release|Any CPU.ActiveCfg = Release|Any CPU
		{C900930C-F67C-41D9-AAE9-C2A7A653D054}.Release|Any CPU.Build.0 = Release|Any CPU
	EndGlobalSection
	GlobalSection(SolutionProperties) = preSolution
		HideSolutionNode = FALSE
	EndGlobalSection
	GlobalSection(ExtensibilityGlobals) = postSolution
		SolutionGuid = {09D364BD-5A89-4ABC-BE75-33F512FBA132}
	EndGlobalSection
EndGlobal
